
Microsoft Visual Studio Solution File, Format Version 12.00
# Visual Studio Version 16
VisualStudioVersion = 16.0.29201.188
MinimumVisualStudioVersion = 10.0.40219.1
Project("{FAE04EC0-301F-11D3-BF4B-00C04F79EFBC}") = "アイコン作成くん", "アイコン作成くん\アイコン作成くん.csproj", "{45FD955E-2E4E-4E78-90A1-2E19B32A5B35}"
EndProject
Global
	GlobalSection(SolutionConfigurationPlatforms) = preSolution
		Debug|Any CPU = Debug|Any CPU
		Release|Any CPU = Release|Any CPU
	EndGlobalSection
	GlobalSection(ProjectConfigurationPlatforms) = postSolution
		{45FD955E-2E4E-4E78-90A1-2E19B32A5B35}.Debug|Any CPU.ActiveCfg = Debug|Any CPU
		{45FD955E-2E4E-4E78-90A1-2E19B32A5B35}.Debug|Any CPU.Build.0 = Debug|Any CPU
		{45FD955E-2E4E-4E78-90A1-2E19B32A5B35}.Release|Any CPU.ActiveCfg = Release|Any CPU
		{45FD955E-2E4E-4E78-90A1-2E19B32A5B35}.Release|Any CPU.Build.0 = Release|Any CPU
	EndGlobalSection
	GlobalSection(SolutionProperties) = preSolution
		HideSolutionNode = FALSE
	EndGlobalSection
	GlobalSection(ExtensibilityGlobals) = postSolution
		SolutionGuid = {B087828F-CB3D-4074-B4B1-20FA2EBB10E7}
	EndGlobalSection
EndGlobal
